
Microsoft Visual Studio Solution File, Format Version 12.00
# Visual Studio 14
VisualStudioVersion = 14.0.24720.0
MinimumVisualStudioVersion = 10.0.40219.1
Project("{2150E333-8FDC-42A3-9474-1A3956D46DE8}") = "sln", "sln", "{5CCF2BB5-3FA2-433F-9718-AFC6F2CB9A91}"
EndProject
Project("{2150E333-8FDC-42A3-9474-1A3956D46DE8}") = "src", "src", "{06B8C741-5183-4709-BE0A-EE7CF6399F7E}"
EndProject
Project("{2150E333-8FDC-42A3-9474-1A3956D46DE8}") = "tests", "tests", "{7D19D227-4D2D-493F-8E49-3433F45BCB4B}"
EndProject
Project("{2150E333-8FDC-42A3-9474-1A3956D46DE8}") = "build", "build", "{F60B1C23-9C4C-49F7-B20E-FF945F5F01EE}"
	ProjectSection(SolutionItems) = preProject
		build.cmd = build.cmd
	EndProjectSection
EndProject
Project("{2150E333-8FDC-42A3-9474-1A3956D46DE8}") = "dependencies", "dependencies", "{E455A551-F3E1-4E3E-9304-6AA75AB77AB7}"
	ProjectSection(SolutionItems) = preProject
		paket.dependencies = paket.dependencies
	EndProjectSection
EndProject
Project("{2150E333-8FDC-42A3-9474-1A3956D46DE8}") = "packages", "packages", "{BD433EC3-9F6C-4A0E-B9DF-A2342AAD75BE}"
EndProject
Project("{F2A71F9B-5D33-465A-A702-920D77279786}") = "Freya.Machines", "src\Freya.Machines\Freya.Machines.fsproj", "{AFC409AF-B301-4ECE-B776-AAA8AA9A2298}"
EndProject
Project("{F2A71F9B-5D33-465A-A702-920D77279786}") = "Freya.Machines.Http", "src\Freya.Machines.Http\Freya.Machines.Http.fsproj", "{7AADEB04-3AA4-4019-B13E-0B75B473DE6A}"
EndProject
Project("{2150E333-8FDC-42A3-9474-1A3956D46DE8}") = "src", "src", "{066722EB-3C59-4D61-89F1-60D427770391}"
	ProjectSection(SolutionItems) = preProject
		src\Freya.Machines\Freya.Machines.fsproj.paket.references = src\Freya.Machines\Freya.Machines.fsproj.paket.references
		src\Freya.Machines.Http\Freya.Machines.Http.fsproj.paket.references = src\Freya.Machines.Http\Freya.Machines.Http.fsproj.paket.references
	EndProjectSection
EndProject
Project("{F2A71F9B-5D33-465A-A702-920D77279786}") = "Freya.Machines.Console", "tests\Freya.Machines.Console\Freya.Machines.Console.fsproj", "{560F8742-32AF-47AC-A976-CF671D445CCE}"
EndProject
Project("{2150E333-8FDC-42A3-9474-1A3956D46DE8}") = "tests", "tests", "{9BEF39FC-EBA1-453B-BE35-0D1E540F3ED6}"
	ProjectSection(SolutionItems) = preProject
		tests\Freya.Machines.Console\Freya.Machines.Console.fsproj.paket.references = tests\Freya.Machines.Console\Freya.Machines.Console.fsproj.paket.references
	EndProjectSection
EndProject
Global
	GlobalSection(SolutionConfigurationPlatforms) = preSolution
		Debug|Any CPU = Debug|Any CPU
		Release|Any CPU = Release|Any CPU
	EndGlobalSection
	GlobalSection(ProjectConfigurationPlatforms) = postSolution
		{AFC409AF-B301-4ECE-B776-AAA8AA9A2298}.Debug|Any CPU.ActiveCfg = Debug|Any CPU
		{AFC409AF-B301-4ECE-B776-AAA8AA9A2298}.Debug|Any CPU.Build.0 = Debug|Any CPU
		{AFC409AF-B301-4ECE-B776-AAA8AA9A2298}.Release|Any CPU.ActiveCfg = Release|Any CPU
		{AFC409AF-B301-4ECE-B776-AAA8AA9A2298}.Release|Any CPU.Build.0 = Release|Any CPU
		{7AADEB04-3AA4-4019-B13E-0B75B473DE6A}.Debug|Any CPU.ActiveCfg = Debug|Any CPU
		{7AADEB04-3AA4-4019-B13E-0B75B473DE6A}.Debug|Any CPU.Build.0 = Debug|Any CPU
		{7AADEB04-3AA4-4019-B13E-0B75B473DE6A}.Release|Any CPU.ActiveCfg = Release|Any CPU
		{7AADEB04-3AA4-4019-B13E-0B75B473DE6A}.Release|Any CPU.Build.0 = Release|Any CPU
		{560F8742-32AF-47AC-A976-CF671D445CCE}.Debug|Any CPU.ActiveCfg = Debug|Any CPU
		{560F8742-32AF-47AC-A976-CF671D445CCE}.Debug|Any CPU.Build.0 = Debug|Any CPU
		{560F8742-32AF-47AC-A976-CF671D445CCE}.Release|Any CPU.ActiveCfg = Release|Any CPU
		{560F8742-32AF-47AC-A976-CF671D445CCE}.Release|Any CPU.Build.0 = Release|Any CPU
	EndGlobalSection
	GlobalSection(SolutionProperties) = preSolution
		HideSolutionNode = FALSE
	EndGlobalSection
	GlobalSection(NestedProjects) = preSolution
		{F60B1C23-9C4C-49F7-B20E-FF945F5F01EE} = {5CCF2BB5-3FA2-433F-9718-AFC6F2CB9A91}
		{E455A551-F3E1-4E3E-9304-6AA75AB77AB7} = {5CCF2BB5-3FA2-433F-9718-AFC6F2CB9A91}
		{BD433EC3-9F6C-4A0E-B9DF-A2342AAD75BE} = {5CCF2BB5-3FA2-433F-9718-AFC6F2CB9A91}
		{AFC409AF-B301-4ECE-B776-AAA8AA9A2298} = {06B8C741-5183-4709-BE0A-EE7CF6399F7E}
		{7AADEB04-3AA4-4019-B13E-0B75B473DE6A} = {06B8C741-5183-4709-BE0A-EE7CF6399F7E}
		{066722EB-3C59-4D61-89F1-60D427770391} = {E455A551-F3E1-4E3E-9304-6AA75AB77AB7}
		{560F8742-32AF-47AC-A976-CF671D445CCE} = {7D19D227-4D2D-493F-8E49-3433F45BCB4B}
		{9BEF39FC-EBA1-453B-BE35-0D1E540F3ED6} = {E455A551-F3E1-4E3E-9304-6AA75AB77AB7}
	EndGlobalSection
EndGlobal
