
Microsoft Visual Studio Solution File, Format Version 12.00
# Visual Studio 15
VisualStudioVersion = 15.0.26124.0
MinimumVisualStudioVersion = 15.0.26124.0
Project("{2150E333-8FDC-42A3-9474-1A3956D46DE8}") = "src", "src", "{BF51D4C4-667D-48BC-863A-58F4198F0427}"
EndProject
Project("{F2A71F9B-5D33-465A-A702-920D77279786}") = "Freya.Machines", "src\Freya.Machines\Freya.Machines.fsproj", "{7151584E-2C60-49B5-B371-732FE5915463}"
EndProject
Project("{F2A71F9B-5D33-465A-A702-920D77279786}") = "Freya.Machines.Hopac", "src\Freya.Machines.Hopac\Freya.Machines.Hopac.fsproj", "{8FF3EA17-BE34-4A04-9FB7-F3B5EA329763}"
EndProject
Project("{F2A71F9B-5D33-465A-A702-920D77279786}") = "Freya.Machines.Http", "src\Freya.Machines.Http\Freya.Machines.Http.fsproj", "{8377AA6A-C547-4F15-AEDC-F49E499DCE3D}"
EndProject
Project("{F2A71F9B-5D33-465A-A702-920D77279786}") = "Freya.Machines.Http.Cors", "src\Freya.Machines.Http.Cors\Freya.Machines.Http.Cors.fsproj", "{F74002D5-9670-4C5D-9C95-87F04DA06118}"
EndProject
Project("{F2A71F9B-5D33-465A-A702-920D77279786}") = "Freya.Machines.Http.Patch", "src\Freya.Machines.Http.Patch\Freya.Machines.Http.Patch.fsproj", "{26758966-4C1F-432E-801B-98B85D6C73E5}"
EndProject
Project("{F2A71F9B-5D33-465A-A702-920D77279786}") = "Freya.Machines.Http.Hopac", "src\Freya.Machines.Http.Hopac\Freya.Machines.Http.Hopac.fsproj", "{EF89AEB1-2541-4669-B51C-10FA248B6A3A}"
EndProject
Project("{F2A71F9B-5D33-465A-A702-920D77279786}") = "Freya.Machines.Http.Cors.Hopac", "src\Freya.Machines.Http.Cors.Hopac\Freya.Machines.Http.Cors.Hopac.fsproj", "{614F7E9C-C035-4061-BB3E-BBB28DD4C331}"
EndProject
Project("{F2A71F9B-5D33-465A-A702-920D77279786}") = "Freya.Machines.Http.Patch.Hopac", "src\Freya.Machines.Http.Patch.Hopac\Freya.Machines.Http.Patch.Hopac.fsproj", "{557A6582-39A7-4F09-9739-81B37C442FBD}"
EndProject
Project("{2150E333-8FDC-42A3-9474-1A3956D46DE8}") = "tests", "tests", "{53766F3D-02F8-41A1-9C5F-9F775C16D864}"
EndProject
Project("{F2A71F9B-5D33-465A-A702-920D77279786}") = "Freya.Machines.Console", "tests\Freya.Machines.Console\Freya.Machines.Console.fsproj", "{95FCC750-6DEE-4954-9270-4624CA5D32C2}"
EndProject
Project("{F2A71F9B-5D33-465A-A702-920D77279786}") = "Freya.Machines.Http.Tests", "tests\Freya.Machines.Http.Tests\Freya.Machines.Http.Tests.fsproj", "{C8F64926-C97C-49FE-8034-193924E2A82E}"
EndProject
Project("{F2A71F9B-5D33-465A-A702-920D77279786}") = "Freya.Machines.Http.Hopac.Tests", "tests\Freya.Machines.Http.Hopac.Tests\Freya.Machines.Http.Hopac.Tests.fsproj", "{6A2280FB-A7D3-4EA7-B27E-D4C6ED6C59B2}"
EndProject
Project("{F2A71F9B-5D33-465A-A702-920D77279786}") = "Freya.Machines.Http.Cors.Tests", "tests\Freya.Machines.Http.Cors.Tests\Freya.Machines.Http.Cors.Tests.fsproj", "{88B63AFC-840A-49E4-8355-F731796774CB}"
EndProject
Project("{F2A71F9B-5D33-465A-A702-920D77279786}") = "Freya.Machines.Http.Cors.Hopac.Tests", "tests\Freya.Machines.Http.Cors.Hopac.Tests\Freya.Machines.Http.Cors.Hopac.Tests.fsproj", "{77F9C853-DFCD-418A-8D52-D58ABDE7B10A}"
EndProject
Project("{F2A71F9B-5D33-465A-A702-920D77279786}") = "Freya.Machines.Http.Patch.Tests", "tests\Freya.Machines.Http.Patch.Tests\Freya.Machines.Http.Patch.Tests.fsproj", "{481739CB-BD3F-4519-B6FB-9C584C93D04A}"
EndProject
Project("{F2A71F9B-5D33-465A-A702-920D77279786}") = "Freya.Machines.Http.Patch.Hopac.Tests", "tests\Freya.Machines.Http.Patch.Hopac.Tests\Freya.Machines.Http.Patch.Hopac.Tests.fsproj", "{280544FD-E1BB-47AB-A305-AD818306C176}"
EndProject
Global
	GlobalSection(SolutionConfigurationPlatforms) = preSolution
		Debug|Any CPU = Debug|Any CPU
		Debug|x64 = Debug|x64
		Debug|x86 = Debug|x86
		Release|Any CPU = Release|Any CPU
		Release|x64 = Release|x64
		Release|x86 = Release|x86
	EndGlobalSection
	GlobalSection(SolutionProperties) = preSolution
		HideSolutionNode = FALSE
	EndGlobalSection
	GlobalSection(ProjectConfigurationPlatforms) = postSolution
		{7151584E-2C60-49B5-B371-732FE5915463}.Debug|Any CPU.ActiveCfg = Debug|Any CPU
		{7151584E-2C60-49B5-B371-732FE5915463}.Debug|Any CPU.Build.0 = Debug|Any CPU
		{7151584E-2C60-49B5-B371-732FE5915463}.Debug|x64.ActiveCfg = Debug|x64
		{7151584E-2C60-49B5-B371-732FE5915463}.Debug|x64.Build.0 = Debug|x64
		{7151584E-2C60-49B5-B371-732FE5915463}.Debug|x86.ActiveCfg = Debug|x86
		{7151584E-2C60-49B5-B371-732FE5915463}.Debug|x86.Build.0 = Debug|x86
		{7151584E-2C60-49B5-B371-732FE5915463}.Release|Any CPU.ActiveCfg = Release|Any CPU
		{7151584E-2C60-49B5-B371-732FE5915463}.Release|Any CPU.Build.0 = Release|Any CPU
		{7151584E-2C60-49B5-B371-732FE5915463}.Release|x64.ActiveCfg = Release|x64
		{7151584E-2C60-49B5-B371-732FE5915463}.Release|x64.Build.0 = Release|x64
		{7151584E-2C60-49B5-B371-732FE5915463}.Release|x86.ActiveCfg = Release|x86
		{7151584E-2C60-49B5-B371-732FE5915463}.Release|x86.Build.0 = Release|x86
		{8FF3EA17-BE34-4A04-9FB7-F3B5EA329763}.Debug|Any CPU.ActiveCfg = Debug|Any CPU
		{8FF3EA17-BE34-4A04-9FB7-F3B5EA329763}.Debug|Any CPU.Build.0 = Debug|Any CPU
		{8FF3EA17-BE34-4A04-9FB7-F3B5EA329763}.Debug|x64.ActiveCfg = Debug|x64
		{8FF3EA17-BE34-4A04-9FB7-F3B5EA329763}.Debug|x64.Build.0 = Debug|x64
		{8FF3EA17-BE34-4A04-9FB7-F3B5EA329763}.Debug|x86.ActiveCfg = Debug|x86
		{8FF3EA17-BE34-4A04-9FB7-F3B5EA329763}.Debug|x86.Build.0 = Debug|x86
		{8FF3EA17-BE34-4A04-9FB7-F3B5EA329763}.Release|Any CPU.ActiveCfg = Release|Any CPU
		{8FF3EA17-BE34-4A04-9FB7-F3B5EA329763}.Release|Any CPU.Build.0 = Release|Any CPU
		{8FF3EA17-BE34-4A04-9FB7-F3B5EA329763}.Release|x64.ActiveCfg = Release|x64
		{8FF3EA17-BE34-4A04-9FB7-F3B5EA329763}.Release|x64.Build.0 = Release|x64
		{8FF3EA17-BE34-4A04-9FB7-F3B5EA329763}.Release|x86.ActiveCfg = Release|x86
		{8FF3EA17-BE34-4A04-9FB7-F3B5EA329763}.Release|x86.Build.0 = Release|x86
		{8377AA6A-C547-4F15-AEDC-F49E499DCE3D}.Debug|Any CPU.ActiveCfg = Debug|Any CPU
		{8377AA6A-C547-4F15-AEDC-F49E499DCE3D}.Debug|Any CPU.Build.0 = Debug|Any CPU
		{8377AA6A-C547-4F15-AEDC-F49E499DCE3D}.Debug|x64.ActiveCfg = Debug|x64
		{8377AA6A-C547-4F15-AEDC-F49E499DCE3D}.Debug|x64.Build.0 = Debug|x64
		{8377AA6A-C547-4F15-AEDC-F49E499DCE3D}.Debug|x86.ActiveCfg = Debug|x86
		{8377AA6A-C547-4F15-AEDC-F49E499DCE3D}.Debug|x86.Build.0 = Debug|x86
		{8377AA6A-C547-4F15-AEDC-F49E499DCE3D}.Release|Any CPU.ActiveCfg = Release|Any CPU
		{8377AA6A-C547-4F15-AEDC-F49E499DCE3D}.Release|Any CPU.Build.0 = Release|Any CPU
		{8377AA6A-C547-4F15-AEDC-F49E499DCE3D}.Release|x64.ActiveCfg = Release|x64
		{8377AA6A-C547-4F15-AEDC-F49E499DCE3D}.Release|x64.Build.0 = Release|x64
		{8377AA6A-C547-4F15-AEDC-F49E499DCE3D}.Release|x86.ActiveCfg = Release|x86
		{8377AA6A-C547-4F15-AEDC-F49E499DCE3D}.Release|x86.Build.0 = Release|x86
		{F74002D5-9670-4C5D-9C95-87F04DA06118}.Debug|Any CPU.ActiveCfg = Debug|Any CPU
		{F74002D5-9670-4C5D-9C95-87F04DA06118}.Debug|Any CPU.Build.0 = Debug|Any CPU
		{F74002D5-9670-4C5D-9C95-87F04DA06118}.Debug|x64.ActiveCfg = Debug|x64
		{F74002D5-9670-4C5D-9C95-87F04DA06118}.Debug|x64.Build.0 = Debug|x64
		{F74002D5-9670-4C5D-9C95-87F04DA06118}.Debug|x86.ActiveCfg = Debug|x86
		{F74002D5-9670-4C5D-9C95-87F04DA06118}.Debug|x86.Build.0 = Debug|x86
		{F74002D5-9670-4C5D-9C95-87F04DA06118}.Release|Any CPU.ActiveCfg = Release|Any CPU
		{F74002D5-9670-4C5D-9C95-87F04DA06118}.Release|Any CPU.Build.0 = Release|Any CPU
		{F74002D5-9670-4C5D-9C95-87F04DA06118}.Release|x64.ActiveCfg = Release|x64
		{F74002D5-9670-4C5D-9C95-87F04DA06118}.Release|x64.Build.0 = Release|x64
		{F74002D5-9670-4C5D-9C95-87F04DA06118}.Release|x86.ActiveCfg = Release|x86
		{F74002D5-9670-4C5D-9C95-87F04DA06118}.Release|x86.Build.0 = Release|x86
		{26758966-4C1F-432E-801B-98B85D6C73E5}.Debug|Any CPU.ActiveCfg = Debug|Any CPU
		{26758966-4C1F-432E-801B-98B85D6C73E5}.Debug|Any CPU.Build.0 = Debug|Any CPU
		{26758966-4C1F-432E-801B-98B85D6C73E5}.Debug|x64.ActiveCfg = Debug|x64
		{26758966-4C1F-432E-801B-98B85D6C73E5}.Debug|x64.Build.0 = Debug|x64
		{26758966-4C1F-432E-801B-98B85D6C73E5}.Debug|x86.ActiveCfg = Debug|x86
		{26758966-4C1F-432E-801B-98B85D6C73E5}.Debug|x86.Build.0 = Debug|x86
		{26758966-4C1F-432E-801B-98B85D6C73E5}.Release|Any CPU.ActiveCfg = Release|Any CPU
		{26758966-4C1F-432E-801B-98B85D6C73E5}.Release|Any CPU.Build.0 = Release|Any CPU
		{26758966-4C1F-432E-801B-98B85D6C73E5}.Release|x64.ActiveCfg = Release|x64
		{26758966-4C1F-432E-801B-98B85D6C73E5}.Release|x64.Build.0 = Release|x64
		{26758966-4C1F-432E-801B-98B85D6C73E5}.Release|x86.ActiveCfg = Release|x86
		{26758966-4C1F-432E-801B-98B85D6C73E5}.Release|x86.Build.0 = Release|x86
		{EF89AEB1-2541-4669-B51C-10FA248B6A3A}.Debug|Any CPU.ActiveCfg = Debug|Any CPU
		{EF89AEB1-2541-4669-B51C-10FA248B6A3A}.Debug|Any CPU.Build.0 = Debug|Any CPU
		{EF89AEB1-2541-4669-B51C-10FA248B6A3A}.Debug|x64.ActiveCfg = Debug|x64
		{EF89AEB1-2541-4669-B51C-10FA248B6A3A}.Debug|x64.Build.0 = Debug|x64
		{EF89AEB1-2541-4669-B51C-10FA248B6A3A}.Debug|x86.ActiveCfg = Debug|x86
		{EF89AEB1-2541-4669-B51C-10FA248B6A3A}.Debug|x86.Build.0 = Debug|x86
		{EF89AEB1-2541-4669-B51C-10FA248B6A3A}.Release|Any CPU.ActiveCfg = Release|Any CPU
		{EF89AEB1-2541-4669-B51C-10FA248B6A3A}.Release|Any CPU.Build.0 = Release|Any CPU
		{EF89AEB1-2541-4669-B51C-10FA248B6A3A}.Release|x64.ActiveCfg = Release|x64
		{EF89AEB1-2541-4669-B51C-10FA248B6A3A}.Release|x64.Build.0 = Release|x64
		{EF89AEB1-2541-4669-B51C-10FA248B6A3A}.Release|x86.ActiveCfg = Release|x86
		{EF89AEB1-2541-4669-B51C-10FA248B6A3A}.Release|x86.Build.0 = Release|x86
		{614F7E9C-C035-4061-BB3E-BBB28DD4C331}.Debug|Any CPU.ActiveCfg = Debug|Any CPU
		{614F7E9C-C035-4061-BB3E-BBB28DD4C331}.Debug|Any CPU.Build.0 = Debug|Any CPU
		{614F7E9C-C035-4061-BB3E-BBB28DD4C331}.Debug|x64.ActiveCfg = Debug|x64
		{614F7E9C-C035-4061-BB3E-BBB28DD4C331}.Debug|x64.Build.0 = Debug|x64
		{614F7E9C-C035-4061-BB3E-BBB28DD4C331}.Debug|x86.ActiveCfg = Debug|x86
		{614F7E9C-C035-4061-BB3E-BBB28DD4C331}.Debug|x86.Build.0 = Debug|x86
		{614F7E9C-C035-4061-BB3E-BBB28DD4C331}.Release|Any CPU.ActiveCfg = Release|Any CPU
		{614F7E9C-C035-4061-BB3E-BBB28DD4C331}.Release|Any CPU.Build.0 = Release|Any CPU
		{614F7E9C-C035-4061-BB3E-BBB28DD4C331}.Release|x64.ActiveCfg = Release|x64
		{614F7E9C-C035-4061-BB3E-BBB28DD4C331}.Release|x64.Build.0 = Release|x64
		{614F7E9C-C035-4061-BB3E-BBB28DD4C331}.Release|x86.ActiveCfg = Release|x86
		{614F7E9C-C035-4061-BB3E-BBB28DD4C331}.Release|x86.Build.0 = Release|x86
		{557A6582-39A7-4F09-9739-81B37C442FBD}.Debug|Any CPU.ActiveCfg = Debug|Any CPU
		{557A6582-39A7-4F09-9739-81B37C442FBD}.Debug|Any CPU.Build.0 = Debug|Any CPU
		{557A6582-39A7-4F09-9739-81B37C442FBD}.Debug|x64.ActiveCfg = Debug|x64
		{557A6582-39A7-4F09-9739-81B37C442FBD}.Debug|x64.Build.0 = Debug|x64
		{557A6582-39A7-4F09-9739-81B37C442FBD}.Debug|x86.ActiveCfg = Debug|x86
		{557A6582-39A7-4F09-9739-81B37C442FBD}.Debug|x86.Build.0 = Debug|x86
		{557A6582-39A7-4F09-9739-81B37C442FBD}.Release|Any CPU.ActiveCfg = Release|Any CPU
		{557A6582-39A7-4F09-9739-81B37C442FBD}.Release|Any CPU.Build.0 = Release|Any CPU
		{557A6582-39A7-4F09-9739-81B37C442FBD}.Release|x64.ActiveCfg = Release|x64
		{557A6582-39A7-4F09-9739-81B37C442FBD}.Release|x64.Build.0 = Release|x64
		{557A6582-39A7-4F09-9739-81B37C442FBD}.Release|x86.ActiveCfg = Release|x86
		{557A6582-39A7-4F09-9739-81B37C442FBD}.Release|x86.Build.0 = Release|x86
		{95FCC750-6DEE-4954-9270-4624CA5D32C2}.Debug|Any CPU.ActiveCfg = Debug|Any CPU
		{95FCC750-6DEE-4954-9270-4624CA5D32C2}.Debug|Any CPU.Build.0 = Debug|Any CPU
		{95FCC750-6DEE-4954-9270-4624CA5D32C2}.Debug|x64.ActiveCfg = Debug|x64
		{95FCC750-6DEE-4954-9270-4624CA5D32C2}.Debug|x64.Build.0 = Debug|x64
		{95FCC750-6DEE-4954-9270-4624CA5D32C2}.Debug|x86.ActiveCfg = Debug|x86
		{95FCC750-6DEE-4954-9270-4624CA5D32C2}.Debug|x86.Build.0 = Debug|x86
		{95FCC750-6DEE-4954-9270-4624CA5D32C2}.Release|Any CPU.ActiveCfg = Release|Any CPU
		{95FCC750-6DEE-4954-9270-4624CA5D32C2}.Release|Any CPU.Build.0 = Release|Any CPU
		{95FCC750-6DEE-4954-9270-4624CA5D32C2}.Release|x64.ActiveCfg = Release|x64
		{95FCC750-6DEE-4954-9270-4624CA5D32C2}.Release|x64.Build.0 = Release|x64
		{95FCC750-6DEE-4954-9270-4624CA5D32C2}.Release|x86.ActiveCfg = Release|x86
		{95FCC750-6DEE-4954-9270-4624CA5D32C2}.Release|x86.Build.0 = Release|x86
		{C8F64926-C97C-49FE-8034-193924E2A82E}.Debug|Any CPU.ActiveCfg = Debug|Any CPU
		{C8F64926-C97C-49FE-8034-193924E2A82E}.Debug|Any CPU.Build.0 = Debug|Any CPU
		{C8F64926-C97C-49FE-8034-193924E2A82E}.Debug|x64.ActiveCfg = Debug|x64
		{C8F64926-C97C-49FE-8034-193924E2A82E}.Debug|x64.Build.0 = Debug|x64
		{C8F64926-C97C-49FE-8034-193924E2A82E}.Debug|x86.ActiveCfg = Debug|x86
		{C8F64926-C97C-49FE-8034-193924E2A82E}.Debug|x86.Build.0 = Debug|x86
		{C8F64926-C97C-49FE-8034-193924E2A82E}.Release|Any CPU.ActiveCfg = Release|Any CPU
		{C8F64926-C97C-49FE-8034-193924E2A82E}.Release|Any CPU.Build.0 = Release|Any CPU
		{C8F64926-C97C-49FE-8034-193924E2A82E}.Release|x64.ActiveCfg = Release|x64
		{C8F64926-C97C-49FE-8034-193924E2A82E}.Release|x64.Build.0 = Release|x64
		{C8F64926-C97C-49FE-8034-193924E2A82E}.Release|x86.ActiveCfg = Release|x86
		{C8F64926-C97C-49FE-8034-193924E2A82E}.Release|x86.Build.0 = Release|x86
		{6A2280FB-A7D3-4EA7-B27E-D4C6ED6C59B2}.Debug|Any CPU.ActiveCfg = Debug|Any CPU
		{6A2280FB-A7D3-4EA7-B27E-D4C6ED6C59B2}.Debug|Any CPU.Build.0 = Debug|Any CPU
		{6A2280FB-A7D3-4EA7-B27E-D4C6ED6C59B2}.Debug|x64.ActiveCfg = Debug|x64
		{6A2280FB-A7D3-4EA7-B27E-D4C6ED6C59B2}.Debug|x64.Build.0 = Debug|x64
		{6A2280FB-A7D3-4EA7-B27E-D4C6ED6C59B2}.Debug|x86.ActiveCfg = Debug|x86
		{6A2280FB-A7D3-4EA7-B27E-D4C6ED6C59B2}.Debug|x86.Build.0 = Debug|x86
		{6A2280FB-A7D3-4EA7-B27E-D4C6ED6C59B2}.Release|Any CPU.ActiveCfg = Release|Any CPU
		{6A2280FB-A7D3-4EA7-B27E-D4C6ED6C59B2}.Release|Any CPU.Build.0 = Release|Any CPU
		{6A2280FB-A7D3-4EA7-B27E-D4C6ED6C59B2}.Release|x64.ActiveCfg = Release|x64
		{6A2280FB-A7D3-4EA7-B27E-D4C6ED6C59B2}.Release|x64.Build.0 = Release|x64
		{6A2280FB-A7D3-4EA7-B27E-D4C6ED6C59B2}.Release|x86.ActiveCfg = Release|x86
		{6A2280FB-A7D3-4EA7-B27E-D4C6ED6C59B2}.Release|x86.Build.0 = Release|x86
		{88B63AFC-840A-49E4-8355-F731796774CB}.Debug|Any CPU.ActiveCfg = Debug|Any CPU
		{88B63AFC-840A-49E4-8355-F731796774CB}.Debug|Any CPU.Build.0 = Debug|Any CPU
		{88B63AFC-840A-49E4-8355-F731796774CB}.Debug|x64.ActiveCfg = Debug|x64
		{88B63AFC-840A-49E4-8355-F731796774CB}.Debug|x64.Build.0 = Debug|x64
		{88B63AFC-840A-49E4-8355-F731796774CB}.Debug|x86.ActiveCfg = Debug|x86
		{88B63AFC-840A-49E4-8355-F731796774CB}.Debug|x86.Build.0 = Debug|x86
		{88B63AFC-840A-49E4-8355-F731796774CB}.Release|Any CPU.ActiveCfg = Release|Any CPU
		{88B63AFC-840A-49E4-8355-F731796774CB}.Release|Any CPU.Build.0 = Release|Any CPU
		{88B63AFC-840A-49E4-8355-F731796774CB}.Release|x64.ActiveCfg = Release|x64
		{88B63AFC-840A-49E4-8355-F731796774CB}.Release|x64.Build.0 = Release|x64
		{88B63AFC-840A-49E4-8355-F731796774CB}.Release|x86.ActiveCfg = Release|x86
		{88B63AFC-840A-49E4-8355-F731796774CB}.Release|x86.Build.0 = Release|x86
		{77F9C853-DFCD-418A-8D52-D58ABDE7B10A}.Debug|Any CPU.ActiveCfg = Debug|Any CPU
		{77F9C853-DFCD-418A-8D52-D58ABDE7B10A}.Debug|Any CPU.Build.0 = Debug|Any CPU
		{77F9C853-DFCD-418A-8D52-D58ABDE7B10A}.Debug|x64.ActiveCfg = Debug|x64
		{77F9C853-DFCD-418A-8D52-D58ABDE7B10A}.Debug|x64.Build.0 = Debug|x64
		{77F9C853-DFCD-418A-8D52-D58ABDE7B10A}.Debug|x86.ActiveCfg = Debug|x86
		{77F9C853-DFCD-418A-8D52-D58ABDE7B10A}.Debug|x86.Build.0 = Debug|x86
		{77F9C853-DFCD-418A-8D52-D58ABDE7B10A}.Release|Any CPU.ActiveCfg = Release|Any CPU
		{77F9C853-DFCD-418A-8D52-D58ABDE7B10A}.Release|Any CPU.Build.0 = Release|Any CPU
		{77F9C853-DFCD-418A-8D52-D58ABDE7B10A}.Release|x64.ActiveCfg = Release|x64
		{77F9C853-DFCD-418A-8D52-D58ABDE7B10A}.Release|x64.Build.0 = Release|x64
		{77F9C853-DFCD-418A-8D52-D58ABDE7B10A}.Release|x86.ActiveCfg = Release|x86
		{77F9C853-DFCD-418A-8D52-D58ABDE7B10A}.Release|x86.Build.0 = Release|x86
		{481739CB-BD3F-4519-B6FB-9C584C93D04A}.Debug|Any CPU.ActiveCfg = Debug|Any CPU
		{481739CB-BD3F-4519-B6FB-9C584C93D04A}.Debug|Any CPU.Build.0 = Debug|Any CPU
		{481739CB-BD3F-4519-B6FB-9C584C93D04A}.Debug|x64.ActiveCfg = Debug|x64
		{481739CB-BD3F-4519-B6FB-9C584C93D04A}.Debug|x64.Build.0 = Debug|x64
		{481739CB-BD3F-4519-B6FB-9C584C93D04A}.Debug|x86.ActiveCfg = Debug|x86
		{481739CB-BD3F-4519-B6FB-9C584C93D04A}.Debug|x86.Build.0 = Debug|x86
		{481739CB-BD3F-4519-B6FB-9C584C93D04A}.Release|Any CPU.ActiveCfg = Release|Any CPU
		{481739CB-BD3F-4519-B6FB-9C584C93D04A}.Release|Any CPU.Build.0 = Release|Any CPU
		{481739CB-BD3F-4519-B6FB-9C584C93D04A}.Release|x64.ActiveCfg = Release|x64
		{481739CB-BD3F-4519-B6FB-9C584C93D04A}.Release|x64.Build.0 = Release|x64
		{481739CB-BD3F-4519-B6FB-9C584C93D04A}.Release|x86.ActiveCfg = Release|x86
		{481739CB-BD3F-4519-B6FB-9C584C93D04A}.Release|x86.Build.0 = Release|x86
		{280544FD-E1BB-47AB-A305-AD818306C176}.Debug|Any CPU.ActiveCfg = Debug|Any CPU
		{280544FD-E1BB-47AB-A305-AD818306C176}.Debug|Any CPU.Build.0 = Debug|Any CPU
		{280544FD-E1BB-47AB-A305-AD818306C176}.Debug|x64.ActiveCfg = Debug|x64
		{280544FD-E1BB-47AB-A305-AD818306C176}.Debug|x64.Build.0 = Debug|x64
		{280544FD-E1BB-47AB-A305-AD818306C176}.Debug|x86.ActiveCfg = Debug|x86
		{280544FD-E1BB-47AB-A305-AD818306C176}.Debug|x86.Build.0 = Debug|x86
		{280544FD-E1BB-47AB-A305-AD818306C176}.Release|Any CPU.ActiveCfg = Release|Any CPU
		{280544FD-E1BB-47AB-A305-AD818306C176}.Release|Any CPU.Build.0 = Release|Any CPU
		{280544FD-E1BB-47AB-A305-AD818306C176}.Release|x64.ActiveCfg = Release|x64
		{280544FD-E1BB-47AB-A305-AD818306C176}.Release|x64.Build.0 = Release|x64
		{280544FD-E1BB-47AB-A305-AD818306C176}.Release|x86.ActiveCfg = Release|x86
		{280544FD-E1BB-47AB-A305-AD818306C176}.Release|x86.Build.0 = Release|x86
	EndGlobalSection
	GlobalSection(NestedProjects) = preSolution
		{7151584E-2C60-49B5-B371-732FE5915463} = {BF51D4C4-667D-48BC-863A-58F4198F0427}
		{8FF3EA17-BE34-4A04-9FB7-F3B5EA329763} = {BF51D4C4-667D-48BC-863A-58F4198F0427}
		{8377AA6A-C547-4F15-AEDC-F49E499DCE3D} = {BF51D4C4-667D-48BC-863A-58F4198F0427}
		{F74002D5-9670-4C5D-9C95-87F04DA06118} = {BF51D4C4-667D-48BC-863A-58F4198F0427}
		{26758966-4C1F-432E-801B-98B85D6C73E5} = {BF51D4C4-667D-48BC-863A-58F4198F0427}
		{EF89AEB1-2541-4669-B51C-10FA248B6A3A} = {BF51D4C4-667D-48BC-863A-58F4198F0427}
		{614F7E9C-C035-4061-BB3E-BBB28DD4C331} = {BF51D4C4-667D-48BC-863A-58F4198F0427}
		{557A6582-39A7-4F09-9739-81B37C442FBD} = {BF51D4C4-667D-48BC-863A-58F4198F0427}
		{95FCC750-6DEE-4954-9270-4624CA5D32C2} = {53766F3D-02F8-41A1-9C5F-9F775C16D864}
		{C8F64926-C97C-49FE-8034-193924E2A82E} = {53766F3D-02F8-41A1-9C5F-9F775C16D864}
		{6A2280FB-A7D3-4EA7-B27E-D4C6ED6C59B2} = {53766F3D-02F8-41A1-9C5F-9F775C16D864}
		{88B63AFC-840A-49E4-8355-F731796774CB} = {53766F3D-02F8-41A1-9C5F-9F775C16D864}
		{77F9C853-DFCD-418A-8D52-D58ABDE7B10A} = {53766F3D-02F8-41A1-9C5F-9F775C16D864}
		{481739CB-BD3F-4519-B6FB-9C584C93D04A} = {53766F3D-02F8-41A1-9C5F-9F775C16D864}
		{280544FD-E1BB-47AB-A305-AD818306C176} = {53766F3D-02F8-41A1-9C5F-9F775C16D864}
	EndGlobalSection
EndGlobal
